// !$*UTF8*$!
{
	archiveVersion = 1;
	classes = {
	};
	objectVersion = 50;
	objects = {

/* Begin PBXBuildFile section */
		05FCFB8E20DE123D0029F25F /* SwiftInStaticLib.swift in Sources */ = {isa = PBXBuildFile; fileRef = 05FCFB8D20DE123D0029F25F /* SwiftInStaticLib.swift */; };
		05FCFB9620DE13570029F25F /* ObjcAPI.m in Sources */ = {isa = PBXBuildFile; fileRef = 05FCFB9520DE13570029F25F /* ObjcAPI.m */; };
		05FCFB9720DE20320029F25F /* ObjcAPI.h in CopyFiles */ = {isa = PBXBuildFile; fileRef = 05FCFB9420DE13570029F25F /* ObjcAPI.h */; };
		05FCFBA620DE2BAF0029F25F /* File.swift in Sources */ = {isa = PBXBuildFile; fileRef = 05FCFBA520DE2BAF0029F25F /* File.swift */; };
		05FCFBA720DE2D250029F25F /* libSwiftInStaticLib.a in Frameworks */ = {isa = PBXBuildFile; fileRef = 05FCFB8B20DE123D0029F25F /* libSwiftInStaticLib.a */; };
		05FCFBB120DE2F220029F25F /* SecondFramework.h in Headers */ = {isa = PBXBuildFile; fileRef = 05FCFBAF20DE2F220029F25F /* SecondFramework.h */; settings = {ATTRIBUTES = (Public, ); }; };
		05FCFBBD20DE2F6B0029F25F /* testLog.m in Sources */ = {isa = PBXBuildFile; fileRef = 05FCFBBB20DE2F6B0029F25F /* testLog.m */; };
		05FCFBBE20DE31B70029F25F /* SecondFramework.framework in Frameworks */ = {isa = PBXBuildFile; fileRef = 05FCFBAD20DE2F220029F25F /* SecondFramework.framework */; };
		05FCFBC620DE36780029F25F /* SecondSwiftTest.swift in Sources */ = {isa = PBXBuildFile; fileRef = 05FCFBBF20DE330C0029F25F /* SecondSwiftTest.swift */; };
		05FCFBC720DE36CE0029F25F /* testLog.h in Headers */ = {isa = PBXBuildFile; fileRef = 05FCFBBA20DE2F6B0029F25F /* testLog.h */; settings = {ATTRIBUTES = (Public, ); }; };
		843A888120DDB67500C224B8 /* AppDelegate.m in Sources */ = {isa = PBXBuildFile; fileRef = 843A888020DDB67500C224B8 /* AppDelegate.m */; };
		843A888420DDB67500C224B8 /* ViewController.m in Sources */ = {isa = PBXBuildFile; fileRef = 843A888320DDB67500C224B8 /* ViewController.m */; };
		843A888720DDB67600C224B8 /* Main.storyboard in Resources */ = {isa = PBXBuildFile; fileRef = 843A888520DDB67600C224B8 /* Main.storyboard */; };
		843A888920DDB69700C224B8 /* Assets.xcassets in Resources */ = {isa = PBXBuildFile; fileRef = 843A888820DDB69700C224B8 /* Assets.xcassets */; };
		843A888C20DDB69700C224B8 /* LaunchScreen.storyboard in Resources */ = {isa = PBXBuildFile; fileRef = 843A888A20DDB69700C224B8 /* LaunchScreen.storyboard */; };
		843A888F20DDB69700C224B8 /* main.m in Sources */ = {isa = PBXBuildFile; fileRef = 843A888E20DDB69700C224B8 /* main.m */; };
		843A889920DDB69A00C224B8 /* JHHomeAPPTests.m in Sources */ = {isa = PBXBuildFile; fileRef = 843A889820DDB69A00C224B8 /* JHHomeAPPTests.m */; };
		843A88A420DDB69A00C224B8 /* JHHomeAPPUITests.m in Sources */ = {isa = PBXBuildFile; fileRef = 843A88A320DDB69A00C224B8 /* JHHomeAPPUITests.m */; };
		84C562D920DDD3BE00E10A85 /* FirstPlug.m in Sources */ = {isa = PBXBuildFile; fileRef = 84C562D820DDD3BE00E10A85 /* FirstPlug.m */; };
		84C562DA20DDD3BE00E10A85 /* FirstPlug.h in CopyFiles */ = {isa = PBXBuildFile; fileRef = 84C562D720DDD3BE00E10A85 /* FirstPlug.h */; };
		84C562DF20DDD59800E10A85 /* libFirstPlug.a in Frameworks */ = {isa = PBXBuildFile; fileRef = 84C562D520DDD3BE00E10A85 /* libFirstPlug.a */; };
/* End PBXBuildFile section */

/* Begin PBXContainerItemProxy section */
		05FCFBC420DE35CC0029F25F /* PBXContainerItemProxy */ = {
			isa = PBXContainerItemProxy;
			containerPortal = 843A887420DDB67300C224B8 /* Project object */;
			proxyType = 1;
			remoteGlobalIDString = 05FCFBAC20DE2F220029F25F;
			remoteInfo = SecondFramework;
		};
		843A889520DDB69A00C224B8 /* PBXContainerItemProxy */ = {
			isa = PBXContainerItemProxy;
			containerPortal = 843A887420DDB67300C224B8 /* Project object */;
			proxyType = 1;
			remoteGlobalIDString = 843A887B20DDB67400C224B8;
			remoteInfo = JHHomeAPP;
		};
		843A88A020DDB69A00C224B8 /* PBXContainerItemProxy */ = {
			isa = PBXContainerItemProxy;
			containerPortal = 843A887420DDB67300C224B8 /* Project object */;
			proxyType = 1;
			remoteGlobalIDString = 843A887B20DDB67400C224B8;
			remoteInfo = JHHomeAPP;
		};
/* End PBXContainerItemProxy section */

/* Begin PBXCopyFilesBuildPhase section */
		05FCFB8920DE123D0029F25F /* CopyFiles */ = {
			isa = PBXCopyFilesBuildPhase;
			buildActionMask = 2147483647;
			dstPath = "include/$(PRODUCT_NAME)";
			dstSubfolderSpec = 16;
			files = (
				05FCFB9720DE20320029F25F /* ObjcAPI.h in CopyFiles */,
			);
			runOnlyForDeploymentPostprocessing = 0;
		};
		84C562D320DDD3BE00E10A85 /* CopyFiles */ = {
			isa = PBXCopyFilesBuildPhase;
			buildActionMask = 2147483647;
			dstPath = "include/$(PRODUCT_NAME)";
			dstSubfolderSpec = 16;
			files = (
				84C562DA20DDD3BE00E10A85 /* FirstPlug.h in CopyFiles */,
			);
			runOnlyForDeploymentPostprocessing = 0;
		};
/* End PBXCopyFilesBuildPhase section */

/* Begin PBXFileReference section */
		05FCFB8B20DE123D0029F25F /* libSwiftInStaticLib.a */ = {isa = PBXFileReference; explicitFileType = archive.ar; includeInIndex = 0; path = libSwiftInStaticLib.a; sourceTree = BUILT_PRODUCTS_DIR; };
		05FCFB8D20DE123D0029F25F /* SwiftInStaticLib.swift */ = {isa = PBXFileReference; lastKnownFileType = sourcecode.swift; path = SwiftInStaticLib.swift; sourceTree = "<group>"; };
		05FCFB9320DE13570029F25F /* SwiftInStaticLib-Bridging-Header.h */ = {isa = PBXFileReference; lastKnownFileType = sourcecode.c.h; path = "SwiftInStaticLib-Bridging-Header.h"; sourceTree = "<group>"; };
		05FCFB9420DE13570029F25F /* ObjcAPI.h */ = {isa = PBXFileReference; lastKnownFileType = sourcecode.c.h; path = ObjcAPI.h; sourceTree = "<group>"; };
		05FCFB9520DE13570029F25F /* ObjcAPI.m */ = {isa = PBXFileReference; lastKnownFileType = sourcecode.c.objc; path = ObjcAPI.m; sourceTree = "<group>"; };
		05FCFBA520DE2BAF0029F25F /* File.swift */ = {isa = PBXFileReference; lastKnownFileType = sourcecode.swift; path = File.swift; sourceTree = "<group>"; };
		05FCFBAD20DE2F220029F25F /* SecondFramework.framework */ = {isa = PBXFileReference; explicitFileType = wrapper.framework; includeInIndex = 0; path = SecondFramework.framework; sourceTree = BUILT_PRODUCTS_DIR; };
		05FCFBAF20DE2F220029F25F /* SecondFramework.h */ = {isa = PBXFileReference; lastKnownFileType = sourcecode.c.h; path = SecondFramework.h; sourceTree = "<group>"; };
		05FCFBB020DE2F220029F25F /* Info.plist */ = {isa = PBXFileReference; lastKnownFileType = text.plist.xml; path = Info.plist; sourceTree = "<group>"; };
		05FCFBBA20DE2F6B0029F25F /* testLog.h */ = {isa = PBXFileReference; lastKnownFileType = sourcecode.c.h; path = testLog.h; sourceTree = "<group>"; };
		05FCFBBB20DE2F6B0029F25F /* testLog.m */ = {isa = PBXFileReference; lastKnownFileType = sourcecode.c.objc; path = testLog.m; sourceTree = "<group>"; };
		05FCFBBF20DE330C0029F25F /* SecondSwiftTest.swift */ = {isa = PBXFileReference; lastKnownFileType = sourcecode.swift; path = SecondSwiftTest.swift; sourceTree = "<group>"; };
		843A887C20DDB67500C224B8 /* JHHomeAPP.app */ = {isa = PBXFileReference; explicitFileType = wrapper.application; includeInIndex = 0; path = JHHomeAPP.app; sourceTree = BUILT_PRODUCTS_DIR; };
		843A887F20DDB67500C224B8 /* AppDelegate.h */ = {isa = PBXFileReference; lastKnownFileType = sourcecode.c.h; path = AppDelegate.h; sourceTree = "<group>"; };
		843A888020DDB67500C224B8 /* AppDelegate.m */ = {isa = PBXFileReference; lastKnownFileType = sourcecode.c.objc; path = AppDelegate.m; sourceTree = "<group>"; };
		843A888220DDB67500C224B8 /* ViewController.h */ = {isa = PBXFileReference; lastKnownFileType = sourcecode.c.h; path = ViewController.h; sourceTree = "<group>"; };
		843A888320DDB67500C224B8 /* ViewController.m */ = {isa = PBXFileReference; lastKnownFileType = sourcecode.c.objc; path = ViewController.m; sourceTree = "<group>"; };
		843A888620DDB67600C224B8 /* Base */ = {isa = PBXFileReference; lastKnownFileType = file.storyboard; name = Base; path = Base.lproj/Main.storyboard; sourceTree = "<group>"; };
		843A888820DDB69700C224B8 /* Assets.xcassets */ = {isa = PBXFileReference; lastKnownFileType = folder.assetcatalog; path = Assets.xcassets; sourceTree = "<group>"; };
		843A888B20DDB69700C224B8 /* Base */ = {isa = PBXFileReference; lastKnownFileType = file.storyboard; name = Base; path = Base.lproj/LaunchScreen.storyboard; sourceTree = "<group>"; };
		843A888D20DDB69700C224B8 /* Info.plist */ = {isa = PBXFileReference; lastKnownFileType = text.plist.xml; path = Info.plist; sourceTree = "<group>"; };
		843A888E20DDB69700C224B8 /* main.m */ = {isa = PBXFileReference; lastKnownFileType = sourcecode.c.objc; path = main.m; sourceTree = "<group>"; };
		843A889420DDB69900C224B8 /* JHHomeAPPTests.xctest */ = {isa = PBXFileReference; explicitFileType = wrapper.cfbundle; includeInIndex = 0; path = JHHomeAPPTests.xctest; sourceTree = BUILT_PRODUCTS_DIR; };
		843A889820DDB69A00C224B8 /* JHHomeAPPTests.m */ = {isa = PBXFileReference; lastKnownFileType = sourcecode.c.objc; path = JHHomeAPPTests.m; sourceTree = "<group>"; };
		843A889A20DDB69A00C224B8 /* Info.plist */ = {isa = PBXFileReference; lastKnownFileType = text.plist.xml; path = Info.plist; sourceTree = "<group>"; };
		843A889F20DDB69A00C224B8 /* JHHomeAPPUITests.xctest */ = {isa = PBXFileReference; explicitFileType = wrapper.cfbundle; includeInIndex = 0; path = JHHomeAPPUITests.xctest; sourceTree = BUILT_PRODUCTS_DIR; };
		843A88A320DDB69A00C224B8 /* JHHomeAPPUITests.m */ = {isa = PBXFileReference; lastKnownFileType = sourcecode.c.objc; path = JHHomeAPPUITests.m; sourceTree = "<group>"; };
		843A88A520DDB69A00C224B8 /* Info.plist */ = {isa = PBXFileReference; lastKnownFileType = text.plist.xml; path = Info.plist; sourceTree = "<group>"; };
		84C562D520DDD3BE00E10A85 /* libFirstPlug.a */ = {isa = PBXFileReference; explicitFileType = archive.ar; includeInIndex = 0; path = libFirstPlug.a; sourceTree = BUILT_PRODUCTS_DIR; };
		84C562D720DDD3BE00E10A85 /* FirstPlug.h */ = {isa = PBXFileReference; lastKnownFileType = sourcecode.c.h; path = FirstPlug.h; sourceTree = "<group>"; };
		84C562D820DDD3BE00E10A85 /* FirstPlug.m */ = {isa = PBXFileReference; lastKnownFileType = sourcecode.c.objc; path = FirstPlug.m; sourceTree = "<group>"; };
/* End PBXFileReference section */

/* Begin PBXFrameworksBuildPhase section */
		05FCFB8820DE123D0029F25F /* Frameworks */ = {
			isa = PBXFrameworksBuildPhase;
			buildActionMask = 2147483647;
			files = (
			);
			runOnlyForDeploymentPostprocessing = 0;
		};
		05FCFBAA20DE2F220029F25F /* Frameworks */ = {
			isa = PBXFrameworksBuildPhase;
			buildActionMask = 2147483647;
			files = (
			);
			runOnlyForDeploymentPostprocessing = 0;
		};
		843A887920DDB67400C224B8 /* Frameworks */ = {
			isa = PBXFrameworksBuildPhase;
			buildActionMask = 2147483647;
			files = (
				84C562DF20DDD59800E10A85 /* libFirstPlug.a in Frameworks */,
			);
			runOnlyForDeploymentPostprocessing = 0;
		};
		843A889120DDB69900C224B8 /* Frameworks */ = {
			isa = PBXFrameworksBuildPhase;
			buildActionMask = 2147483647;
			files = (
			);
			runOnlyForDeploymentPostprocessing = 0;
		};
		843A889C20DDB69A00C224B8 /* Frameworks */ = {
			isa = PBXFrameworksBuildPhase;
			buildActionMask = 2147483647;
			files = (
			);
			runOnlyForDeploymentPostprocessing = 0;
		};
		84C562D220DDD3BE00E10A85 /* Frameworks */ = {
			isa = PBXFrameworksBuildPhase;
			buildActionMask = 2147483647;
			files = (
				05FCFBBE20DE31B70029F25F /* SecondFramework.framework in Frameworks */,
				05FCFBA720DE2D250029F25F /* libSwiftInStaticLib.a in Frameworks */,
			);
			runOnlyForDeploymentPostprocessing = 0;
		};
/* End PBXFrameworksBuildPhase section */

/* Begin PBXGroup section */
		05FCFB8C20DE123D0029F25F /* SwiftInStaticLib */ = {
			isa = PBXGroup;
			children = (
				05FCFB8D20DE123D0029F25F /* SwiftInStaticLib.swift */,
				05FCFB9420DE13570029F25F /* ObjcAPI.h */,
				05FCFB9520DE13570029F25F /* ObjcAPI.m */,
				05FCFB9320DE13570029F25F /* SwiftInStaticLib-Bridging-Header.h */,
			);
			path = SwiftInStaticLib;
			sourceTree = "<group>";
		};
		05FCFBAE20DE2F220029F25F /* SecondFramework */ = {
			isa = PBXGroup;
			children = (
				05FCFBAF20DE2F220029F25F /* SecondFramework.h */,
				05FCFBB020DE2F220029F25F /* Info.plist */,
				05FCFBBA20DE2F6B0029F25F /* testLog.h */,
				05FCFBBB20DE2F6B0029F25F /* testLog.m */,
				05FCFBBF20DE330C0029F25F /* SecondSwiftTest.swift */,
			);
			path = SecondFramework;
			sourceTree = "<group>";
		};
		843A887320DDB67300C224B8 = {
			isa = PBXGroup;
			children = (
				843A887E20DDB67500C224B8 /* JHHomeAPP */,
				843A889720DDB69A00C224B8 /* JHHomeAPPTests */,
				843A88A220DDB69A00C224B8 /* JHHomeAPPUITests */,
				84C562D620DDD3BE00E10A85 /* FirstPlug */,
				05FCFB8C20DE123D0029F25F /* SwiftInStaticLib */,
				05FCFBAE20DE2F220029F25F /* SecondFramework */,
				843A887D20DDB67500C224B8 /* Products */,
				84C562DE20DDD59800E10A85 /* Frameworks */,
			);
			sourceTree = "<group>";
		};
		843A887D20DDB67500C224B8 /* Products */ = {
			isa = PBXGroup;
			children = (
				843A887C20DDB67500C224B8 /* JHHomeAPP.app */,
				843A889420DDB69900C224B8 /* JHHomeAPPTests.xctest */,
				843A889F20DDB69A00C224B8 /* JHHomeAPPUITests.xctest */,
				84C562D520DDD3BE00E10A85 /* libFirstPlug.a */,
				05FCFB8B20DE123D0029F25F /* libSwiftInStaticLib.a */,
				05FCFBAD20DE2F220029F25F /* SecondFramework.framework */,
			);
			name = Products;
			sourceTree = "<group>";
		};
		843A887E20DDB67500C224B8 /* JHHomeAPP */ = {
			isa = PBXGroup;
			children = (
				843A887F20DDB67500C224B8 /* AppDelegate.h */,
				843A888020DDB67500C224B8 /* AppDelegate.m */,
				843A888220DDB67500C224B8 /* ViewController.h */,
				843A888320DDB67500C224B8 /* ViewController.m */,
				843A888520DDB67600C224B8 /* Main.storyboard */,
				843A888820DDB69700C224B8 /* Assets.xcassets */,
				843A888A20DDB69700C224B8 /* LaunchScreen.storyboard */,
				843A888D20DDB69700C224B8 /* Info.plist */,
				843A888E20DDB69700C224B8 /* main.m */,
				05FCFBA520DE2BAF0029F25F /* File.swift */,
			);
			path = JHHomeAPP;
			sourceTree = "<group>";
		};
		843A889720DDB69A00C224B8 /* JHHomeAPPTests */ = {
			isa = PBXGroup;
			children = (
				843A889820DDB69A00C224B8 /* JHHomeAPPTests.m */,
				843A889A20DDB69A00C224B8 /* Info.plist */,
			);
			path = JHHomeAPPTests;
			sourceTree = "<group>";
		};
		843A88A220DDB69A00C224B8 /* JHHomeAPPUITests */ = {
			isa = PBXGroup;
			children = (
				843A88A320DDB69A00C224B8 /* JHHomeAPPUITests.m */,
				843A88A520DDB69A00C224B8 /* Info.plist */,
			);
			path = JHHomeAPPUITests;
			sourceTree = "<group>";
		};
		84C562D620DDD3BE00E10A85 /* FirstPlug */ = {
			isa = PBXGroup;
			children = (
				84C562D720DDD3BE00E10A85 /* FirstPlug.h */,
				84C562D820DDD3BE00E10A85 /* FirstPlug.m */,
			);
			path = FirstPlug;
			sourceTree = "<group>";
		};
		84C562DE20DDD59800E10A85 /* Frameworks */ = {
			isa = PBXGroup;
			children = (
			);
			name = Frameworks;
			sourceTree = "<group>";
		};
/* End PBXGroup section */

/* Begin PBXHeadersBuildPhase section */
		05FCFBA820DE2F220029F25F /* Headers */ = {
			isa = PBXHeadersBuildPhase;
			buildActionMask = 2147483647;
			files = (
				05FCFBB120DE2F220029F25F /* SecondFramework.h in Headers */,
				05FCFBC720DE36CE0029F25F /* testLog.h in Headers */,
			);
			runOnlyForDeploymentPostprocessing = 0;
		};
/* End PBXHeadersBuildPhase section */

/* Begin PBXNativeTarget section */
		05FCFB8A20DE123D0029F25F /* SwiftInStaticLib */ = {
			isa = PBXNativeTarget;
			buildConfigurationList = 05FCFB9120DE123D0029F25F /* Build configuration list for PBXNativeTarget "SwiftInStaticLib" */;
			buildPhases = (
				05FCFB8720DE123D0029F25F /* Sources */,
				05FCFB8820DE123D0029F25F /* Frameworks */,
				05FCFB8920DE123D0029F25F /* CopyFiles */,
			);
			buildRules = (
			);
			dependencies = (
			);
			name = SwiftInStaticLib;
			productName = SwiftInStaticLib;
			productReference = 05FCFB8B20DE123D0029F25F /* libSwiftInStaticLib.a */;
			productType = "com.apple.product-type.library.static";
		};
		05FCFBAC20DE2F220029F25F /* SecondFramework */ = {
			isa = PBXNativeTarget;
			buildConfigurationList = 05FCFBB620DE2F220029F25F /* Build configuration list for PBXNativeTarget "SecondFramework" */;
			buildPhases = (
				05FCFBA820DE2F220029F25F /* Headers */,
				05FCFBA920DE2F220029F25F /* Sources */,
				05FCFBAA20DE2F220029F25F /* Frameworks */,
				05FCFBAB20DE2F220029F25F /* Resources */,
			);
			buildRules = (
			);
			dependencies = (
			);
			name = SecondFramework;
			productName = SecondFramework;
			productReference = 05FCFBAD20DE2F220029F25F /* SecondFramework.framework */;
			productType = "com.apple.product-type.framework";
		};
		843A887B20DDB67400C224B8 /* JHHomeAPP */ = {
			isa = PBXNativeTarget;
			buildConfigurationList = 843A88A820DDB69A00C224B8 /* Build configuration list for PBXNativeTarget "JHHomeAPP" */;
			buildPhases = (
				843A887820DDB67400C224B8 /* Sources */,
				843A887920DDB67400C224B8 /* Frameworks */,
				843A887A20DDB67400C224B8 /* Resources */,
			);
			buildRules = (
			);
			dependencies = (
			);
			name = JHHomeAPP;
			productName = JHHomeAPP;
			productReference = 843A887C20DDB67500C224B8 /* JHHomeAPP.app */;
			productType = "com.apple.product-type.application";
		};
		843A889320DDB69900C224B8 /* JHHomeAPPTests */ = {
			isa = PBXNativeTarget;
			buildConfigurationList = 843A88AB20DDB69A00C224B8 /* Build configuration list for PBXNativeTarget "JHHomeAPPTests" */;
			buildPhases = (
				843A889020DDB69900C224B8 /* Sources */,
				843A889120DDB69900C224B8 /* Frameworks */,
				843A889220DDB69900C224B8 /* Resources */,
			);
			buildRules = (
			);
			dependencies = (
				843A889620DDB69A00C224B8 /* PBXTargetDependency */,
			);
			name = JHHomeAPPTests;
			productName = JHHomeAPPTests;
			productReference = 843A889420DDB69900C224B8 /* JHHomeAPPTests.xctest */;
			productType = "com.apple.product-type.bundle.unit-test";
		};
		843A889E20DDB69A00C224B8 /* JHHomeAPPUITests */ = {
			isa = PBXNativeTarget;
			buildConfigurationList = 843A88AE20DDB69A00C224B8 /* Build configuration list for PBXNativeTarget "JHHomeAPPUITests" */;
			buildPhases = (
				843A889B20DDB69A00C224B8 /* Sources */,
				843A889C20DDB69A00C224B8 /* Frameworks */,
				843A889D20DDB69A00C224B8 /* Resources */,
			);
			buildRules = (
			);
			dependencies = (
				843A88A120DDB69A00C224B8 /* PBXTargetDependency */,
			);
			name = JHHomeAPPUITests;
			productName = JHHomeAPPUITests;
			productReference = 843A889F20DDB69A00C224B8 /* JHHomeAPPUITests.xctest */;
			productType = "com.apple.product-type.bundle.ui-testing";
		};
		84C562D420DDD3BE00E10A85 /* FirstPlug */ = {
			isa = PBXNativeTarget;
			buildConfigurationList = 84C562DD20DDD3BE00E10A85 /* Build configuration list for PBXNativeTarget "FirstPlug" */;
			buildPhases = (
				84C562D120DDD3BE00E10A85 /* Sources */,
				84C562D220DDD3BE00E10A85 /* Frameworks */,
				84C562D320DDD3BE00E10A85 /* CopyFiles */,
			);
			buildRules = (
			);
			dependencies = (
				05FCFBC520DE35CC0029F25F /* PBXTargetDependency */,
			);
			name = FirstPlug;
			productName = FirstPlug;
			productReference = 84C562D520DDD3BE00E10A85 /* libFirstPlug.a */;
			productType = "com.apple.product-type.library.static";
		};
/* End PBXNativeTarget section */

/* Begin PBXProject section */
		843A887420DDB67300C224B8 /* Project object */ = {
			isa = PBXProject;
			attributes = {
				LastSwiftUpdateCheck = 1000;
				LastUpgradeCheck = 0940;
				ORGANIZATIONNAME = huoshuguang;
				TargetAttributes = {
					05FCFB8A20DE123D0029F25F = {
						CreatedOnToolsVersion = 10.0;
						LastSwiftMigration = 1000;
					};
					05FCFBAC20DE2F220029F25F = {
						CreatedOnToolsVersion = 10.0;
						LastSwiftMigration = 1000;
					};
					843A887B20DDB67400C224B8 = {
						CreatedOnToolsVersion = 9.4.1;
						LastSwiftMigration = 1000;
					};
					843A889320DDB69900C224B8 = {
						CreatedOnToolsVersion = 9.4.1;
						TestTargetID = 843A887B20DDB67400C224B8;
					};
					843A889E20DDB69A00C224B8 = {
						CreatedOnToolsVersion = 9.4.1;
						TestTargetID = 843A887B20DDB67400C224B8;
					};
					84C562D420DDD3BE00E10A85 = {
						CreatedOnToolsVersion = 9.4.1;
					};
				};
			};
			buildConfigurationList = 843A887720DDB67300C224B8 /* Build configuration list for PBXProject "JHHomeAPP" */;
			compatibilityVersion = "Xcode 9.3";
			developmentRegion = en;
			hasScannedForEncodings = 0;
			knownRegions = (
				en,
				Base,
			);
			mainGroup = 843A887320DDB67300C224B8;
			productRefGroup = 843A887D20DDB67500C224B8 /* Products */;
			projectDirPath = "";
			projectRoot = "";
			targets = (
				843A887B20DDB67400C224B8 /* JHHomeAPP */,
				843A889320DDB69900C224B8 /* JHHomeAPPTests */,
				843A889E20DDB69A00C224B8 /* JHHomeAPPUITests */,
				84C562D420DDD3BE00E10A85 /* FirstPlug */,
				05FCFB8A20DE123D0029F25F /* SwiftInStaticLib */,
				05FCFBAC20DE2F220029F25F /* SecondFramework */,
			);
		};
/* End PBXProject section */

/* Begin PBXResourcesBuildPhase section */
		05FCFBAB20DE2F220029F25F /* Resources */ = {
			isa = PBXResourcesBuildPhase;
			buildActionMask = 2147483647;
			files = (
			);
			runOnlyForDeploymentPostprocessing = 0;
		};
		843A887A20DDB67400C224B8 /* Resources */ = {
			isa = PBXResourcesBuildPhase;
			buildActionMask = 2147483647;
			files = (
				843A888C20DDB69700C224B8 /* LaunchScreen.storyboard in Resources */,
				843A888920DDB69700C224B8 /* Assets.xcassets in Resources */,
				843A888720DDB67600C224B8 /* Main.storyboard in Resources */,
			);
			runOnlyForDeploymentPostprocessing = 0;
		};
		843A889220DDB69900C224B8 /* Resources */ = {
			isa = PBXResourcesBuildPhase;
			buildActionMask = 2147483647;
			files = (
			);
			runOnlyForDeploymentPostprocessing = 0;
		};
		843A889D20DDB69A00C224B8 /* Resources */ = {
			isa = PBXResourcesBuildPhase;
			buildActionMask = 2147483647;
			files = (
			);
			runOnlyForDeploymentPostprocessing = 0;
		};
/* End PBXResourcesBuildPhase section */

/* Begin PBXSourcesBuildPhase section */
		05FCFB8720DE123D0029F25F /* Sources */ = {
			isa = PBXSourcesBuildPhase;
			buildActionMask = 2147483647;
			files = (
				05FCFB9620DE13570029F25F /* ObjcAPI.m in Sources */,
				05FCFB8E20DE123D0029F25F /* SwiftInStaticLib.swift in Sources */,
			);
			runOnlyForDeploymentPostprocessing = 0;
		};
		05FCFBA920DE2F220029F25F /* Sources */ = {
			isa = PBXSourcesBuildPhase;
			buildActionMask = 2147483647;
			files = (
				05FCFBBD20DE2F6B0029F25F /* testLog.m in Sources */,
				05FCFBC620DE36780029F25F /* SecondSwiftTest.swift in Sources */,
			);
			runOnlyForDeploymentPostprocessing = 0;
		};
		843A887820DDB67400C224B8 /* Sources */ = {
			isa = PBXSourcesBuildPhase;
			buildActionMask = 2147483647;
			files = (
				843A888420DDB67500C224B8 /* ViewController.m in Sources */,
				05FCFBA620DE2BAF0029F25F /* File.swift in Sources */,
				843A888F20DDB69700C224B8 /* main.m in Sources */,
				843A888120DDB67500C224B8 /* AppDelegate.m in Sources */,
			);
			runOnlyForDeploymentPostprocessing = 0;
		};
		843A889020DDB69900C224B8 /* Sources */ = {
			isa = PBXSourcesBuildPhase;
			buildActionMask = 2147483647;
			files = (
				843A889920DDB69A00C224B8 /* JHHomeAPPTests.m in Sources */,
			);
			runOnlyForDeploymentPostprocessing = 0;
		};
		843A889B20DDB69A00C224B8 /* Sources */ = {
			isa = PBXSourcesBuildPhase;
			buildActionMask = 2147483647;
			files = (
				843A88A420DDB69A00C224B8 /* JHHomeAPPUITests.m in Sources */,
			);
			runOnlyForDeploymentPostprocessing = 0;
		};
		84C562D120DDD3BE00E10A85 /* Sources */ = {
			isa = PBXSourcesBuildPhase;
			buildActionMask = 2147483647;
			files = (
				84C562D920DDD3BE00E10A85 /* FirstPlug.m in Sources */,
			);
			runOnlyForDeploymentPostprocessing = 0;
		};
/* End PBXSourcesBuildPhase section */

/* Begin PBXTargetDependency section */
		05FCFBC520DE35CC0029F25F /* PBXTargetDependency */ = {
			isa = PBXTargetDependency;
			target = 05FCFBAC20DE2F220029F25F /* SecondFramework */;
			targetProxy = 05FCFBC420DE35CC0029F25F /* PBXContainerItemProxy */;
		};
		843A889620DDB69A00C224B8 /* PBXTargetDependency */ = {
			isa = PBXTargetDependency;
			target = 843A887B20DDB67400C224B8 /* JHHomeAPP */;
			targetProxy = 843A889520DDB69A00C224B8 /* PBXContainerItemProxy */;
		};
		843A88A120DDB69A00C224B8 /* PBXTargetDependency */ = {
			isa = PBXTargetDependency;
			target = 843A887B20DDB67400C224B8 /* JHHomeAPP */;
			targetProxy = 843A88A020DDB69A00C224B8 /* PBXContainerItemProxy */;
		};
/* End PBXTargetDependency section */

/* Begin PBXVariantGroup section */
		843A888520DDB67600C224B8 /* Main.storyboard */ = {
			isa = PBXVariantGroup;
			children = (
				843A888620DDB67600C224B8 /* Base */,
			);
			name = Main.storyboard;
			sourceTree = "<group>";
		};
		843A888A20DDB69700C224B8 /* LaunchScreen.storyboard */ = {
			isa = PBXVariantGroup;
			children = (
				843A888B20DDB69700C224B8 /* Base */,
			);
			name = LaunchScreen.storyboard;
			sourceTree = "<group>";
		};
/* End PBXVariantGroup section */

/* Begin XCBuildConfiguration section */
		05FCFB8F20DE123D0029F25F /* Debug */ = {
			isa = XCBuildConfiguration;
			buildSettings = {
				ALWAYS_EMBED_SWIFT_STANDARD_LIBRARIES = NO;
				CLANG_ALLOW_NON_MODULAR_INCLUDES_IN_FRAMEWORK_MODULES = NO;
				CLANG_ENABLE_MODULES = YES;
				CODE_SIGN_STYLE = Automatic;
				DEFINES_MODULE = NO;
				IPHONEOS_DEPLOYMENT_TARGET = 12.0;
				LD_RUNPATH_SEARCH_PATHS = (
					"$(inherited)",
					"@executable_path/Frameworks",
					"@loader_path/Frameworks",
				);
				MTL_ENABLE_DEBUG_INFO = INCLUDE_SOURCE;
				OTHER_LDFLAGS = "-ObjC";
				PRODUCT_NAME = "$(TARGET_NAME)";
				SKIP_INSTALL = YES;
				STRIP_SWIFT_SYMBOLS = YES;
				SWIFT_ACTIVE_COMPILATION_CONDITIONS = DEBUG;
				SWIFT_OBJC_BRIDGING_HEADER = "SwiftInStaticLib/SwiftInStaticLib-Bridging-Header.h";
				SWIFT_OPTIMIZATION_LEVEL = "-Onone";
				SWIFT_VERSION = 4.2;
				TARGETED_DEVICE_FAMILY = "1,2";
			};
			name = Debug;
		};
		05FCFB9020DE123D0029F25F /* Release */ = {
			isa = XCBuildConfiguration;
			buildSettings = {
				ALWAYS_EMBED_SWIFT_STANDARD_LIBRARIES = NO;
				CLANG_ALLOW_NON_MODULAR_INCLUDES_IN_FRAMEWORK_MODULES = NO;
				CLANG_ENABLE_MODULES = YES;
				CODE_SIGN_STYLE = Automatic;
				DEFINES_MODULE = NO;
				IPHONEOS_DEPLOYMENT_TARGET = 12.0;
				LD_RUNPATH_SEARCH_PATHS = (
					"$(inherited)",
					"@executable_path/Frameworks",
					"@loader_path/Frameworks",
				);
				OTHER_LDFLAGS = "-ObjC";
				PRODUCT_NAME = "$(TARGET_NAME)";
				SKIP_INSTALL = YES;
				STRIP_SWIFT_SYMBOLS = YES;
				SWIFT_COMPILATION_MODE = wholemodule;
				SWIFT_OBJC_BRIDGING_HEADER = "SwiftInStaticLib/SwiftInStaticLib-Bridging-Header.h";
				SWIFT_OPTIMIZATION_LEVEL = "-O";
				SWIFT_VERSION = 4.2;
				TARGETED_DEVICE_FAMILY = "1,2";
			};
			name = Release;
		};
		05FCFBB720DE2F220029F25F /* Debug */ = {
			isa = XCBuildConfiguration;
			buildSettings = {
				ALWAYS_EMBED_SWIFT_STANDARD_LIBRARIES = YES;
				CLANG_ENABLE_MODULES = YES;
				CODE_SIGN_IDENTITY = "";
				CODE_SIGN_STYLE = Automatic;
				CURRENT_PROJECT_VERSION = 1;
				DEFINES_MODULE = YES;
				DEVELOPMENT_TEAM = 2C4H9T5RF5;
				DYLIB_COMPATIBILITY_VERSION = 1;
				DYLIB_CURRENT_VERSION = 1;
				DYLIB_INSTALL_NAME_BASE = "@rpath";
				INFOPLIST_FILE = SecondFramework/Info.plist;
				INSTALL_PATH = "$(LOCAL_LIBRARY_DIR)/Frameworks";
				IPHONEOS_DEPLOYMENT_TARGET = 12.0;
				LD_RUNPATH_SEARCH_PATHS = (
					"$(inherited)",
					"@executable_path/Frameworks",
					"@loader_path/Frameworks",
				);
				MTL_ENABLE_DEBUG_INFO = INCLUDE_SOURCE;
				PRODUCT_BUNDLE_IDENTIFIER = com.clcw.SecondFramework;
				PRODUCT_NAME = "$(TARGET_NAME:c99extidentifier)";
				SCAN_ALL_SOURCE_FILES_FOR_INCLUDES = NO;
				SKIP_INSTALL = YES;
				STRIP_SWIFT_SYMBOLS = NO;
				SWIFT_ACTIVE_COMPILATION_CONDITIONS = DEBUG;
				SWIFT_INSTALL_OBJC_HEADER = NO;
				SWIFT_OPTIMIZATION_LEVEL = "-Onone";
				SWIFT_PRECOMPILE_BRIDGING_HEADER = YES;
				SWIFT_VERSION = 4.2;
				TARGETED_DEVICE_FAMILY = "1,2";
				VERSIONING_SYSTEM = "apple-generic";
				VERSION_INFO_PREFIX = "";
			};
			name = Debug;
		};
		05FCFBB820DE2F220029F25F /* Release */ = {
			isa = XCBuildConfiguration;
			buildSettings = {
				ALWAYS_EMBED_SWIFT_STANDARD_LIBRARIES = YES;
				CLANG_ENABLE_MODULES = YES;
				CODE_SIGN_IDENTITY = "";
				CODE_SIGN_STYLE = Automatic;
				CURRENT_PROJECT_VERSION = 1;
				DEFINES_MODULE = YES;
				DEVELOPMENT_TEAM = 2C4H9T5RF5;
				DYLIB_COMPATIBILITY_VERSION = 1;
				DYLIB_CURRENT_VERSION = 1;
				DYLIB_INSTALL_NAME_BASE = "@rpath";
				INFOPLIST_FILE = SecondFramework/Info.plist;
				INSTALL_PATH = "$(LOCAL_LIBRARY_DIR)/Frameworks";
				IPHONEOS_DEPLOYMENT_TARGET = 12.0;
				LD_RUNPATH_SEARCH_PATHS = (
					"$(inherited)",
					"@executable_path/Frameworks",
					"@loader_path/Frameworks",
				);
				PRODUCT_BUNDLE_IDENTIFIER = com.clcw.SecondFramework;
				PRODUCT_NAME = "$(TARGET_NAME:c99extidentifier)";
				SCAN_ALL_SOURCE_FILES_FOR_INCLUDES = NO;
				SKIP_INSTALL = YES;
				STRIP_SWIFT_SYMBOLS = NO;
				SWIFT_COMPILATION_MODE = wholemodule;
				SWIFT_INSTALL_OBJC_HEADER = NO;
				SWIFT_OPTIMIZATION_LEVEL = "-O";
				SWIFT_PRECOMPILE_BRIDGING_HEADER = YES;
				SWIFT_VERSION = 4.2;
				TARGETED_DEVICE_FAMILY = "1,2";
				VERSIONING_SYSTEM = "apple-generic";
				VERSION_INFO_PREFIX = "";
			};
			name = Release;
		};
		843A88A620DDB69A00C224B8 /* Debug */ = {
			isa = XCBuildConfiguration;
			buildSettings = {
				ALWAYS_SEARCH_USER_PATHS = NO;
				CLANG_ANALYZER_NONNULL = YES;
				CLANG_ANALYZER_NUMBER_OBJECT_CONVERSION = YES_AGGRESSIVE;
				CLANG_CXX_LANGUAGE_STANDARD = "gnu++14";
				CLANG_CXX_LIBRARY = "libc++";
				CLANG_ENABLE_MODULES = YES;
				CLANG_ENABLE_OBJC_ARC = YES;
				CLANG_ENABLE_OBJC_WEAK = YES;
				CLANG_WARN_BLOCK_CAPTURE_AUTORELEASING = YES;
				CLANG_WARN_BOOL_CONVERSION = YES;
				CLANG_WARN_COMMA = YES;
				CLANG_WARN_CONSTANT_CONVERSION = YES;
				CLANG_WARN_DEPRECATED_OBJC_IMPLEMENTATIONS = YES;
				CLANG_WARN_DIRECT_OBJC_ISA_USAGE = YES_ERROR;
				CLANG_WARN_DOCUMENTATION_COMMENTS = YES;
				CLANG_WARN_EMPTY_BODY = YES;
				CLANG_WARN_ENUM_CONVERSION = YES;
				CLANG_WARN_INFINITE_RECURSION = YES;
				CLANG_WARN_INT_CONVERSION = YES;
				CLANG_WARN_NON_LITERAL_NULL_CONVERSION = YES;
				CLANG_WARN_OBJC_IMPLICIT_RETAIN_SELF = YES;
				CLANG_WARN_OBJC_LITERAL_CONVERSION = YES;
				CLANG_WARN_OBJC_ROOT_CLASS = YES_ERROR;
				CLANG_WARN_RANGE_LOOP_ANALYSIS = YES;
				CLANG_WARN_STRICT_PROTOTYPES = YES;
				CLANG_WARN_SUSPICIOUS_MOVE = YES;
				CLANG_WARN_UNGUARDED_AVAILABILITY = YES_AGGRESSIVE;
				CLANG_WARN_UNREACHABLE_CODE = YES;
				CLANG_WARN__DUPLICATE_METHOD_MATCH = YES;
				CODE_SIGN_IDENTITY = "iPhone Developer";
				COPY_PHASE_STRIP = NO;
				DEBUG_INFORMATION_FORMAT = dwarf;
				ENABLE_STRICT_OBJC_MSGSEND = YES;
				ENABLE_TESTABILITY = YES;
				GCC_C_LANGUAGE_STANDARD = gnu11;
				GCC_DYNAMIC_NO_PIC = NO;
				GCC_NO_COMMON_BLOCKS = YES;
				GCC_OPTIMIZATION_LEVEL = 0;
				GCC_PREPROCESSOR_DEFINITIONS = (
					"DEBUG=1",
					"$(inherited)",
				);
				GCC_WARN_64_TO_32_BIT_CONVERSION = YES;
				GCC_WARN_ABOUT_RETURN_TYPE = YES_ERROR;
				GCC_WARN_UNDECLARED_SELECTOR = YES;
				GCC_WARN_UNINITIALIZED_AUTOS = YES_AGGRESSIVE;
				GCC_WARN_UNUSED_FUNCTION = YES;
				GCC_WARN_UNUSED_VARIABLE = YES;
				IPHONEOS_DEPLOYMENT_TARGET = 11.4;
				MTL_ENABLE_DEBUG_INFO = YES;
				ONLY_ACTIVE_ARCH = YES;
				SDKROOT = iphoneos;
			};
			name = Debug;
		};
		843A88A720DDB69A00C224B8 /* Release */ = {
			isa = XCBuildConfiguration;
			buildSettings = {
				ALWAYS_SEARCH_USER_PATHS = NO;
				CLANG_ANALYZER_NONNULL = YES;
				CLANG_ANALYZER_NUMBER_OBJECT_CONVERSION = YES_AGGRESSIVE;
				CLANG_CXX_LANGUAGE_STANDARD = "gnu++14";
				CLANG_CXX_LIBRARY = "libc++";
				CLANG_ENABLE_MODULES = YES;
				CLANG_ENABLE_OBJC_ARC = YES;
				CLANG_ENABLE_OBJC_WEAK = YES;
				CLANG_WARN_BLOCK_CAPTURE_AUTORELEASING = YES;
				CLANG_WARN_BOOL_CONVERSION = YES;
				CLANG_WARN_COMMA = YES;
				CLANG_WARN_CONSTANT_CONVERSION = YES;
				CLANG_WARN_DEPRECATED_OBJC_IMPLEMENTATIONS = YES;
				CLANG_WARN_DIRECT_OBJC_ISA_USAGE = YES_ERROR;
				CLANG_WARN_DOCUMENTATION_COMMENTS = YES;
				CLANG_WARN_EMPTY_BODY = YES;
				CLANG_WARN_ENUM_CONVERSION = YES;
				CLANG_WARN_INFINITE_RECURSION = YES;
				CLANG_WARN_INT_CONVERSION = YES;
				CLANG_WARN_NON_LITERAL_NULL_CONVERSION = YES;
				CLANG_WARN_OBJC_IMPLICIT_RETAIN_SELF = YES;
				CLANG_WARN_OBJC_LITERAL_CONVERSION = YES;
				CLANG_WARN_OBJC_ROOT_CLASS = YES_ERROR;
				CLANG_WARN_RANGE_LOOP_ANALYSIS = YES;
				CLANG_WARN_STRICT_PROTOTYPES = YES;
				CLANG_WARN_SUSPICIOUS_MOVE = YES;
				CLANG_WARN_UNGUARDED_AVAILABILITY = YES_AGGRESSIVE;
				CLANG_WARN_UNREACHABLE_CODE = YES;
				CLANG_WARN__DUPLICATE_METHOD_MATCH = YES;
				CODE_SIGN_IDENTITY = "iPhone Developer";
				COPY_PHASE_STRIP = NO;
				DEBUG_INFORMATION_FORMAT = "dwarf-with-dsym";
				ENABLE_NS_ASSERTIONS = NO;
				ENABLE_STRICT_OBJC_MSGSEND = YES;
				GCC_C_LANGUAGE_STANDARD = gnu11;
				GCC_NO_COMMON_BLOCKS = YES;
				GCC_WARN_64_TO_32_BIT_CONVERSION = YES;
				GCC_WARN_ABOUT_RETURN_TYPE = YES_ERROR;
				GCC_WARN_UNDECLARED_SELECTOR = YES;
				GCC_WARN_UNINITIALIZED_AUTOS = YES_AGGRESSIVE;
				GCC_WARN_UNUSED_FUNCTION = YES;
				GCC_WARN_UNUSED_VARIABLE = YES;
				IPHONEOS_DEPLOYMENT_TARGET = 11.4;
				MTL_ENABLE_DEBUG_INFO = NO;
				SDKROOT = iphoneos;
				VALIDATE_PRODUCT = YES;
			};
			name = Release;
		};
		843A88A920DDB69A00C224B8 /* Debug */ = {
			isa = XCBuildConfiguration;
			buildSettings = {
				ALWAYS_EMBED_SWIFT_STANDARD_LIBRARIES = NO;
				ASSETCATALOG_COMPILER_APPICON_NAME = AppIcon;
				CLANG_ENABLE_MODULES = YES;
				CODE_SIGN_STYLE = Automatic;
				DEVELOPMENT_TEAM = 2C4H9T5RF5;
				INFOPLIST_FILE = JHHomeAPP/Info.plist;
				LD_RUNPATH_SEARCH_PATHS = (
					"$(inherited)",
					"@executable_path/Frameworks",
				);
				OTHER_LDFLAGS = "";
				PRODUCT_BUNDLE_IDENTIFIER = jinhe.com.cn.JHHomeAPP;
				PRODUCT_NAME = "$(TARGET_NAME)";
				STRIP_SWIFT_SYMBOLS = NO;
				SWIFT_INSTALL_OBJC_HEADER = YES;
				SWIFT_OBJC_BRIDGING_HEADER = "";
				SWIFT_OBJC_INTERFACE_HEADER_NAME = "";
				SWIFT_OPTIMIZATION_LEVEL = "-Onone";
				SWIFT_PRECOMPILE_BRIDGING_HEADER = YES;
				SWIFT_SWIFT3_OBJC_INFERENCE = On;
				SWIFT_VERSION = 4.2;
				TARGETED_DEVICE_FAMILY = "1,2";
			};
			name = Debug;
		};
		843A88AA20DDB69A00C224B8 /* Release */ = {
			isa = XCBuildConfiguration;
			buildSettings = {
				ALWAYS_EMBED_SWIFT_STANDARD_LIBRARIES = NO;
				ASSETCATALOG_COMPILER_APPICON_NAME = AppIcon;
				CLANG_ENABLE_MODULES = YES;
				CODE_SIGN_STYLE = Automatic;
				DEVELOPMENT_TEAM = 2C4H9T5RF5;
				INFOPLIST_FILE = JHHomeAPP/Info.plist;
				LD_RUNPATH_SEARCH_PATHS = (
					"$(inherited)",
					"@executable_path/Frameworks",
				);
				OTHER_LDFLAGS = "";
				PRODUCT_BUNDLE_IDENTIFIER = jinhe.com.cn.JHHomeAPP;
				PRODUCT_NAME = "$(TARGET_NAME)";
				STRIP_SWIFT_SYMBOLS = NO;
				SWIFT_INSTALL_OBJC_HEADER = YES;
				SWIFT_OBJC_BRIDGING_HEADER = "";
				SWIFT_OBJC_INTERFACE_HEADER_NAME = "";
				SWIFT_PRECOMPILE_BRIDGING_HEADER = YES;
				SWIFT_SWIFT3_OBJC_INFERENCE = On;
				SWIFT_VERSION = 4.2;
				TARGETED_DEVICE_FAMILY = "1,2";
			};
			name = Release;
		};
		843A88AC20DDB69A00C224B8 /* Debug */ = {
			isa = XCBuildConfiguration;
			buildSettings = {
				ALWAYS_EMBED_SWIFT_STANDARD_LIBRARIES = YES;
				BUNDLE_LOADER = "$(TEST_HOST)";
				CODE_SIGN_STYLE = Automatic;
				INFOPLIST_FILE = JHHomeAPPTests/Info.plist;
				LD_RUNPATH_SEARCH_PATHS = (
					"$(inherited)",
					"@executable_path/Frameworks",
					"@loader_path/Frameworks",
				);
				PRODUCT_BUNDLE_IDENTIFIER = jinhe.com.cn.JHHomeAPPTests;
				PRODUCT_NAME = "$(TARGET_NAME)";
				TARGETED_DEVICE_FAMILY = "1,2";
				TEST_HOST = "$(BUILT_PRODUCTS_DIR)/JHHomeAPP.app/JHHomeAPP";
			};
			name = Debug;
		};
		843A88AD20DDB69A00C224B8 /* Release */ = {
			isa = XCBuildConfiguration;
			buildSettings = {
				ALWAYS_EMBED_SWIFT_STANDARD_LIBRARIES = YES;
				BUNDLE_LOADER = "$(TEST_HOST)";
				CODE_SIGN_STYLE = Automatic;
				INFOPLIST_FILE = JHHomeAPPTests/Info.plist;
				LD_RUNPATH_SEARCH_PATHS = (
					"$(inherited)",
					"@executable_path/Frameworks",
					"@loader_path/Frameworks",
				);
				PRODUCT_BUNDLE_IDENTIFIER = jinhe.com.cn.JHHomeAPPTests;
				PRODUCT_NAME = "$(TARGET_NAME)";
				TARGETED_DEVICE_FAMILY = "1,2";
				TEST_HOST = "$(BUILT_PRODUCTS_DIR)/JHHomeAPP.app/JHHomeAPP";
			};
			name = Release;
		};
		843A88AF20DDB69A00C224B8 /* Debug */ = {
			isa = XCBuildConfiguration;
			buildSettings = {
				ALWAYS_EMBED_SWIFT_STANDARD_LIBRARIES = YES;
				CODE_SIGN_STYLE = Automatic;
				INFOPLIST_FILE = JHHomeAPPUITests/Info.plist;
				LD_RUNPATH_SEARCH_PATHS = (
					"$(inherited)",
					"@executable_path/Frameworks",
					"@loader_path/Frameworks",
				);
				PRODUCT_BUNDLE_IDENTIFIER = jinhe.com.cn.JHHomeAPPUITests;
				PRODUCT_NAME = "$(TARGET_NAME)";
				TARGETED_DEVICE_FAMILY = "1,2";
				TEST_TARGET_NAME = JHHomeAPP;
			};
			name = Debug;
		};
		843A88B020DDB69A00C224B8 /* Release */ = {
			isa = XCBuildConfiguration;
			buildSettings = {
				ALWAYS_EMBED_SWIFT_STANDARD_LIBRARIES = YES;
				CODE_SIGN_STYLE = Automatic;
				INFOPLIST_FILE = JHHomeAPPUITests/Info.plist;
				LD_RUNPATH_SEARCH_PATHS = (
					"$(inherited)",
					"@executable_path/Frameworks",
					"@loader_path/Frameworks",
				);
				PRODUCT_BUNDLE_IDENTIFIER = jinhe.com.cn.JHHomeAPPUITests;
				PRODUCT_NAME = "$(TARGET_NAME)";
				TARGETED_DEVICE_FAMILY = "1,2";
				TEST_TARGET_NAME = JHHomeAPP;
			};
			name = Release;
		};
		84C562DB20DDD3BE00E10A85 /* Debug */ = {
			isa = XCBuildConfiguration;
			buildSettings = {
				ALWAYS_EMBED_SWIFT_STANDARD_LIBRARIES = NO;
				CODE_SIGN_STYLE = Automatic;
				DEFINES_MODULE = NO;
				OTHER_LDFLAGS = "-ObjC";
				PRODUCT_NAME = "$(TARGET_NAME)";
				SKIP_INSTALL = YES;
				TARGETED_DEVICE_FAMILY = "1,2";
			};
			name = Debug;
		};
		84C562DC20DDD3BE00E10A85 /* Release */ = {
			isa = XCBuildConfiguration;
			buildSettings = {
				ALWAYS_EMBED_SWIFT_STANDARD_LIBRARIES = NO;
				CODE_SIGN_STYLE = Automatic;
				DEFINES_MODULE = NO;
				OTHER_LDFLAGS = "-ObjC";
				PRODUCT_NAME = "$(TARGET_NAME)";
				SKIP_INSTALL = YES;
				TARGETED_DEVICE_FAMILY = "1,2";
			};
			name = Release;
		};
/* End XCBuildConfiguration section */

/* Begin XCConfigurationList section */
		05FCFB9120DE123D0029F25F /* Build configuration list for PBXNativeTarget "SwiftInStaticLib" */ = {
			isa = XCConfigurationList;
			buildConfigurations = (
				05FCFB8F20DE123D0029F25F /* Debug */,
				05FCFB9020DE123D0029F25F /* Release */,
			);
			defaultConfigurationIsVisible = 0;
			defaultConfigurationName = Release;
		};
		05FCFBB620DE2F220029F25F /* Build configuration list for PBXNativeTarget "SecondFramework" */ = {
			isa = XCConfigurationList;
			buildConfigurations = (
				05FCFBB720DE2F220029F25F /* Debug */,
				05FCFBB820DE2F220029F25F /* Release */,
			);
			defaultConfigurationIsVisible = 0;
			defaultConfigurationName = Release;
		};
		843A887720DDB67300C224B8 /* Build configuration list for PBXProject "JHHomeAPP" */ = {
			isa = XCConfigurationList;
			buildConfigurations = (
				843A88A620DDB69A00C224B8 /* Debug */,
				843A88A720DDB69A00C224B8 /* Release */,
			);
			defaultConfigurationIsVisible = 0;
			defaultConfigurationName = Release;
		};
		843A88A820DDB69A00C224B8 /* Build configuration list for PBXNativeTarget "JHHomeAPP" */ = {
			isa = XCConfigurationList;
			buildConfigurations = (
				843A88A920DDB69A00C224B8 /* Debug */,
				843A88AA20DDB69A00C224B8 /* Release */,
			);
			defaultConfigurationIsVisible = 0;
			defaultConfigurationName = Release;
		};
		843A88AB20DDB69A00C224B8 /* Build configuration list for PBXNativeTarget "JHHomeAPPTests" */ = {
			isa = XCConfigurationList;
			buildConfigurations = (
				843A88AC20DDB69A00C224B8 /* Debug */,
				843A88AD20DDB69A00C224B8 /* Release */,
			);
			defaultConfigurationIsVisible = 0;
			defaultConfigurationName = Release;
		};
		843A88AE20DDB69A00C224B8 /* Build configuration list for PBXNativeTarget "JHHomeAPPUITests" */ = {
			isa = XCConfigurationList;
			buildConfigurations = (
				843A88AF20DDB69A00C224B8 /* Debug */,
				843A88B020DDB69A00C224B8 /* Release */,
			);
			defaultConfigurationIsVisible = 0;
			defaultConfigurationName = Release;
		};
		84C562DD20DDD3BE00E10A85 /* Build configuration list for PBXNativeTarget "FirstPlug" */ = {
			isa = XCConfigurationList;
			buildConfigurations = (
				84C562DB20DDD3BE00E10A85 /* Debug */,
				84C562DC20DDD3BE00E10A85 /* Release */,
			);
			defaultConfigurationIsVisible = 0;
			defaultConfigurationName = Release;
		};
/* End XCConfigurationList section */
	};
	rootObject = 843A887420DDB67300C224B8 /* Project object */;
}
